// !$*UTF8*$!
{
	archiveVersion = 1;
	classes = {
	};
	objectVersion = 55;
	objects = {

/* Begin PBXBuildFile section */
		3F8777CA279433B300667C86 /* GastosApplicationApp.swift in Sources */ = {isa = PBXBuildFile; fileRef = 3F8777C9279433B300667C86 /* GastosApplicationApp.swift */; };
		3F8777CE279433BA00667C86 /* Assets.xcassets in Resources */ = {isa = PBXBuildFile; fileRef = 3F8777CD279433BA00667C86 /* Assets.xcassets */; };
		3F8777D1279433BA00667C86 /* Preview Assets.xcassets in Resources */ = {isa = PBXBuildFile; fileRef = 3F8777D0279433BA00667C86 /* Preview Assets.xcassets */; };
		3F8777E22794340F00667C86 /* Places.swift in Sources */ = {isa = PBXBuildFile; fileRef = 3F8777D92794340D00667C86 /* Places.swift */; };
		3F8777E32794340F00667C86 /* Constants.swift in Sources */ = {isa = PBXBuildFile; fileRef = 3F8777DA2794340E00667C86 /* Constants.swift */; };
		3F8777E42794340F00667C86 /* MapsTab.swift in Sources */ = {isa = PBXBuildFile; fileRef = 3F8777DB2794340E00667C86 /* MapsTab.swift */; };
		3F8777E52794340F00667C86 /* ShopProfile.swift in Sources */ = {isa = PBXBuildFile; fileRef = 3F8777DC2794340E00667C86 /* ShopProfile.swift */; };
		3F8777E62794340F00667C86 /* MapScreen.swift in Sources */ = {isa = PBXBuildFile; fileRef = 3F8777DD2794340E00667C86 /* MapScreen.swift */; };
		3F8777E72794340F00667C86 /* UIScreen.swift in Sources */ = {isa = PBXBuildFile; fileRef = 3F8777DF2794340E00667C86 /* UIScreen.swift */; };
		3F8777E82794340F00667C86 /* Text.swift in Sources */ = {isa = PBXBuildFile; fileRef = 3F8777E02794340E00667C86 /* Text.swift */; };
		3F8777E92794340F00667C86 /* DealsTab.swift in Sources */ = {isa = PBXBuildFile; fileRef = 3F8777E12794340E00667C86 /* DealsTab.swift */; };
		3F8778422794343200667C86 /* Preview Assets.xcassets in Resources */ = {isa = PBXBuildFile; fileRef = 3F8777EB2794342E00667C86 /* Preview Assets.xcassets */; };
		3F8778432794343200667C86 /* PieCharts.swift in Sources */ = {isa = PBXBuildFile; fileRef = 3F8777EC2794342F00667C86 /* PieCharts.swift */; };
		3F8778442794343200667C86 /* Deals.swift in Sources */ = {isa = PBXBuildFile; fileRef = 3F8777ED2794342F00667C86 /* Deals.swift */; };
		3F8778452794343200667C86 /* MainTab.swift in Sources */ = {isa = PBXBuildFile; fileRef = 3F8777EE2794342F00667C86 /* MainTab.swift */; };
		3F8778462794343200667C86 /* NewPayment.swift in Sources */ = {isa = PBXBuildFile; fileRef = 3F8777EF2794342F00667C86 /* NewPayment.swift */; };
		3F8778472794343200667C86 /* PaymentDecline.swift in Sources */ = {isa = PBXBuildFile; fileRef = 3F8777F12794342F00667C86 /* PaymentDecline.swift */; };
		3F8778482794343200667C86 /* ShopProfileScreen.swift in Sources */ = {isa = PBXBuildFile; fileRef = 3F8777F22794342F00667C86 /* ShopProfileScreen.swift */; };
		3F8778492794343200667C86 /* PaymentSuccess.swift in Sources */ = {isa = PBXBuildFile; fileRef = 3F8777F32794342F00667C86 /* PaymentSuccess.swift */; };
		3F87784A2794343200667C86 /* BillSummary.swift in Sources */ = {isa = PBXBuildFile; fileRef = 3F8777F42794342F00667C86 /* BillSummary.swift */; };
		3F87784B2794343200667C86 /* BillAmount.swift in Sources */ = {isa = PBXBuildFile; fileRef = 3F8777F52794342F00667C86 /* BillAmount.swift */; };
		3F87784C2794343200667C86 /* Bill.swift in Sources */ = {isa = PBXBuildFile; fileRef = 3F8777F62794342F00667C86 /* Bill.swift */; };
		3F87784D2794343200667C86 /* KeyboardPad.swift in Sources */ = {isa = PBXBuildFile; fileRef = 3F8777F72794342F00667C86 /* KeyboardPad.swift */; };
		3F87784E2794343200667C86 /* GUser.swift in Sources */ = {isa = PBXBuildFile; fileRef = 3F8777F92794343000667C86 /* GUser.swift */; };
		3F87784F2794343200667C86 /* OnboardingData.swift in Sources */ = {isa = PBXBuildFile; fileRef = 3F8777FA2794343000667C86 /* OnboardingData.swift */; };
		3F8778502794343200667C86 /* ExpensesTab.swift in Sources */ = {isa = PBXBuildFile; fileRef = 3F8777FB2794343000667C86 /* ExpensesTab.swift */; };
		3F8778512794343200667C86 /* Launch Screen.storyboard in Resources */ = {isa = PBXBuildFile; fileRef = 3F8777FC2794343000667C86 /* Launch Screen.storyboard */; };
		3F8778522794343200667C86 /* HomeTab.swift in Sources */ = {isa = PBXBuildFile; fileRef = 3F8777FD2794343000667C86 /* HomeTab.swift */; };
		3F8778532794343200667C86 /* Pending.swift in Sources */ = {isa = PBXBuildFile; fileRef = 3F8778012794343100667C86 /* Pending.swift */; };
		3F8778542794343200667C86 /* Success.swift in Sources */ = {isa = PBXBuildFile; fileRef = 3F8778022794343100667C86 /* Success.swift */; };
		3F8778552794343200667C86 /* Failed.swift in Sources */ = {isa = PBXBuildFile; fileRef = 3F8778032794343100667C86 /* Failed.swift */; };
		3F8778562794343200667C86 /* BottomButton.swift in Sources */ = {isa = PBXBuildFile; fileRef = 3F8778052794343100667C86 /* BottomButton.swift */; };
		3F8778572794343200667C86 /* Rating.swift in Sources */ = {isa = PBXBuildFile; fileRef = 3F8778062794343100667C86 /* Rating.swift */; };
		3F8778582794343200667C86 /* GradientView.swift in Sources */ = {isa = PBXBuildFile; fileRef = 3F8778072794343100667C86 /* GradientView.swift */; };
		3F8778592794343200667C86 /* Reciept.swift in Sources */ = {isa = PBXBuildFile; fileRef = 3F8778082794343100667C86 /* Reciept.swift */; };
		3F87785B2794343200667C86 /* MainView.swift in Sources */ = {isa = PBXBuildFile; fileRef = 3F87780B2794343100667C86 /* MainView.swift */; };
		3F87785C2794343200667C86 /* LocalMarket.swift in Sources */ = {isa = PBXBuildFile; fileRef = 3F87780C2794343100667C86 /* LocalMarket.swift */; };
		3F87785D2794343200667C86 /* ShopView.swift in Sources */ = {isa = PBXBuildFile; fileRef = 3F87780F2794343100667C86 /* ShopView.swift */; };
		3F87785E2794343200667C86 /* Payment.swift in Sources */ = {isa = PBXBuildFile; fileRef = 3F8778102794343100667C86 /* Payment.swift */; };
		3F87785F2794343200667C86 /* ShopDetails.swift in Sources */ = {isa = PBXBuildFile; fileRef = 3F8778122794343100667C86 /* ShopDetails.swift */; };
		3F8778602794343200667C86 /* PaymentMethods.swift in Sources */ = {isa = PBXBuildFile; fileRef = 3F8778132794343100667C86 /* PaymentMethods.swift */; };
		3F8778612794343200667C86 /* PaymentBottomView.swift in Sources */ = {isa = PBXBuildFile; fileRef = 3F8778142794343100667C86 /* PaymentBottomView.swift */; };
		3F8778622794343200667C86 /* PaymentMethod.swift in Sources */ = {isa = PBXBuildFile; fileRef = 3F8778152794343100667C86 /* PaymentMethod.swift */; };
		3F8778632794343200667C86 /* PaymentTopView.swift in Sources */ = {isa = PBXBuildFile; fileRef = 3F8778162794343100667C86 /* PaymentTopView.swift */; };
		3F8778642794343200667C86 /* ShopImages.swift in Sources */ = {isa = PBXBuildFile; fileRef = 3F8778172794343100667C86 /* ShopImages.swift */; };
		3F8778652794343200667C86 /* ContactUs.swift in Sources */ = {isa = PBXBuildFile; fileRef = 3F8778182794343100667C86 /* ContactUs.swift */; };
		3F8778662794343200667C86 /* TrendingSalon.swift in Sources */ = {isa = PBXBuildFile; fileRef = 3F87781A2794343100667C86 /* TrendingSalon.swift */; };
		3F8778682794343200667C86 /* NearbyFood.swift in Sources */ = {isa = PBXBuildFile; fileRef = 3F87781C2794343100667C86 /* NearbyFood.swift */; };
		3F87786A2794343200667C86 /* Nearby.swift in Sources */ = {isa = PBXBuildFile; fileRef = 3F87781E2794343100667C86 /* Nearby.swift */; };
		3F87786B2794343200667C86 /* Trending.swift in Sources */ = {isa = PBXBuildFile; fileRef = 3F87781F2794343100667C86 /* Trending.swift */; };
		3F87786C2794343300667C86 /* TrendingFood.swift in Sources */ = {isa = PBXBuildFile; fileRef = 3F8778202794343100667C86 /* TrendingFood.swift */; };
		3F87786D2794343300667C86 /* NearbySalon.swift in Sources */ = {isa = PBXBuildFile; fileRef = 3F8778212794343100667C86 /* NearbySalon.swift */; };
		3F87786E2794343300667C86 /* TrendingFashion.swift in Sources */ = {isa = PBXBuildFile; fileRef = 3F8778222794343100667C86 /* TrendingFashion.swift */; };
		3F87786F2794343300667C86 /* NearbyFashion.swift in Sources */ = {isa = PBXBuildFile; fileRef = 3F8778232794343100667C86 /* NearbyFashion.swift */; };
		3F8778702794343300667C86 /* FavoriteTab.swift in Sources */ = {isa = PBXBuildFile; fileRef = 3F8778242794343100667C86 /* FavoriteTab.swift */; };
		3F8778712794343300667C86 /* EnterMobileNumber.swift in Sources */ = {isa = PBXBuildFile; fileRef = 3F8778262794343100667C86 /* EnterMobileNumber.swift */; };
		3F8778722794343300667C86 /* SetPin.swift in Sources */ = {isa = PBXBuildFile; fileRef = 3F8778272794343100667C86 /* SetPin.swift */; };
		3F8778732794343300667C86 /* ProfilePage.swift in Sources */ = {isa = PBXBuildFile; fileRef = 3F8778282794343100667C86 /* ProfilePage.swift */; };
		3F8778742794343300667C86 /* keyBoard.swift in Sources */ = {isa = PBXBuildFile; fileRef = 3F8778292794343100667C86 /* keyBoard.swift */; };
		3F8778752794343300667C86 /* VerifiedSuccessfully.swift in Sources */ = {isa = PBXBuildFile; fileRef = 3F87782A2794343100667C86 /* VerifiedSuccessfully.swift */; };
		3F8778762794343300667C86 /* EnterPin.swift in Sources */ = {isa = PBXBuildFile; fileRef = 3F87782B2794343100667C86 /* EnterPin.swift */; };
		3F8778772794343300667C86 /* OTPPin.swift in Sources */ = {isa = PBXBuildFile; fileRef = 3F87782C2794343100667C86 /* OTPPin.swift */; };
		3F8778782794343300667C86 /* OTPView.swift in Sources */ = {isa = PBXBuildFile; fileRef = 3F87782E2794343200667C86 /* OTPView.swift */; };
		3F8778792794343300667C86 /* Gullak.swift in Sources */ = {isa = PBXBuildFile; fileRef = 3F8778302794343200667C86 /* Gullak.swift */; };
		3F87787A2794343300667C86 /* PaymentCard.swift in Sources */ = {isa = PBXBuildFile; fileRef = 3F8778312794343200667C86 /* PaymentCard.swift */; };
		3F87787B2794343300667C86 /* BillingScreen.swift in Sources */ = {isa = PBXBuildFile; fileRef = 3F8778322794343200667C86 /* BillingScreen.swift */; };
		3F87787C2794343300667C86 /* UserProfile.swift in Sources */ = {isa = PBXBuildFile; fileRef = 3F8778332794343200667C86 /* UserProfile.swift */; };
		3F87787D2794343300667C86 /* ReferAndEarn.swift in Sources */ = {isa = PBXBuildFile; fileRef = 3F8778342794343200667C86 /* ReferAndEarn.swift */; };
		3F87787E2794343300667C86 /* UserInformationScreen.swift in Sources */ = {isa = PBXBuildFile; fileRef = 3F8778352794343200667C86 /* UserInformationScreen.swift */; };
		3F87787F2794343300667C86 /* ProfileActivation.swift in Sources */ = {isa = PBXBuildFile; fileRef = 3F8778362794343200667C86 /* ProfileActivation.swift */; };
		3F8778802794343300667C86 /* PieChartWindow.swift in Sources */ = {isa = PBXBuildFile; fileRef = 3F8778382794343200667C86 /* PieChartWindow.swift */; };
		3F8778812794343300667C86 /* BarCharts.swift in Sources */ = {isa = PBXBuildFile; fileRef = 3F8778392794343200667C86 /* BarCharts.swift */; };
		3F8778822794343300667C86 /* BarChartsWindow.swift in Sources */ = {isa = PBXBuildFile; fileRef = 3F87783A2794343200667C86 /* BarChartsWindow.swift */; };
		3F8778832794343300667C86 /* AuthenticationView.swift in Sources */ = {isa = PBXBuildFile; fileRef = 3F87783B2794343200667C86 /* AuthenticationView.swift */; };
		3F8778842794343300667C86 /* OnbordingView.swift in Sources */ = {isa = PBXBuildFile; fileRef = 3F87783C2794343200667C86 /* OnbordingView.swift */; };
		3F8778852794343300667C86 /* ContentView.swift in Sources */ = {isa = PBXBuildFile; fileRef = 3F87783D2794343200667C86 /* ContentView.swift */; };
		3F8778862794343300667C86 /* PageTabView.swift in Sources */ = {isa = PBXBuildFile; fileRef = 3F87783F2794343200667C86 /* PageTabView.swift */; };
		3F8778872794343300667C86 /* TabDetailsView.swift in Sources */ = {isa = PBXBuildFile; fileRef = 3F8778402794343200667C86 /* TabDetailsView.swift */; };
		3F8778882794343300667C86 /* FirebaseViewModel.swift in Sources */ = {isa = PBXBuildFile; fileRef = 3F8778412794343200667C86 /* FirebaseViewModel.swift */; };
		693D6C312799A9A700DF62C4 /* AboutUs.swift in Sources */ = {isa = PBXBuildFile; fileRef = 693D6C302799A9A700DF62C4 /* AboutUs.swift */; };
		693D6C372799AA2600DF62C4 /* PrivacyPolicy.swift in Sources */ = {isa = PBXBuildFile; fileRef = 693D6C362799AA2600DF62C4 /* PrivacyPolicy.swift */; };
		693D6C392799AA5200DF62C4 /* TermsOfService.swift in Sources */ = {isa = PBXBuildFile; fileRef = 693D6C382799AA5200DF62C4 /* TermsOfService.swift */; };
		69E542E927A53E070096C821 /* FirebaseAuth in Frameworks */ = {isa = PBXBuildFile; productRef = 69E542E827A53E070096C821 /* FirebaseAuth */; };
		69E542ED27A53E700096C821 /* SipAndBite.swift in Sources */ = {isa = PBXBuildFile; fileRef = 69E542EC27A53E700096C821 /* SipAndBite.swift */; };
		69E542EF27A541130096C821 /* LoginViewModel.swift in Sources */ = {isa = PBXBuildFile; fileRef = 69E542EE27A541130096C821 /* LoginViewModel.swift */; };
		69E542F127A5420C0096C821 /* AlertView.swift in Sources */ = {isa = PBXBuildFile; fileRef = 69E542F027A5420C0096C821 /* AlertView.swift */; };
		69E542F727A544510096C821 /* GoogleService-Info.plist in Resources */ = {isa = PBXBuildFile; fileRef = 69E542F627A544510096C821 /* GoogleService-Info.plist */; };
/* End PBXBuildFile section */

/* Begin PBXFileReference section */
		3F8777C6279433B300667C86 /* GastosApplication.app */ = {isa = PBXFileReference; explicitFileType = wrapper.application; includeInIndex = 0; path = GastosApplication.app; sourceTree = BUILT_PRODUCTS_DIR; };
		3F8777C9279433B300667C86 /* GastosApplicationApp.swift */ = {isa = PBXFileReference; lastKnownFileType = sourcecode.swift; path = GastosApplicationApp.swift; sourceTree = "<group>"; };
		3F8777CD279433BA00667C86 /* Assets.xcassets */ = {isa = PBXFileReference; lastKnownFileType = folder.assetcatalog; path = Assets.xcassets; sourceTree = "<group>"; };
		3F8777D0279433BA00667C86 /* Preview Assets.xcassets */ = {isa = PBXFileReference; lastKnownFileType = folder.assetcatalog; path = "Preview Assets.xcassets"; sourceTree = "<group>"; };
		3F8777D92794340D00667C86 /* Places.swift */ = {isa = PBXFileReference; fileEncoding = 4; lastKnownFileType = sourcecode.swift; path = Places.swift; sourceTree = "<group>"; };
		3F8777DA2794340E00667C86 /* Constants.swift */ = {isa = PBXFileReference; fileEncoding = 4; lastKnownFileType = sourcecode.swift; path = Constants.swift; sourceTree = "<group>"; };
		3F8777DB2794340E00667C86 /* MapsTab.swift */ = {isa = PBXFileReference; fileEncoding = 4; lastKnownFileType = sourcecode.swift; path = MapsTab.swift; sourceTree = "<group>"; };
		3F8777DC2794340E00667C86 /* ShopProfile.swift */ = {isa = PBXFileReference; fileEncoding = 4; lastKnownFileType = sourcecode.swift; path = ShopProfile.swift; sourceTree = "<group>"; };
		3F8777DD2794340E00667C86 /* MapScreen.swift */ = {isa = PBXFileReference; fileEncoding = 4; lastKnownFileType = sourcecode.swift; path = MapScreen.swift; sourceTree = "<group>"; };
		3F8777DF2794340E00667C86 /* UIScreen.swift */ = {isa = PBXFileReference; fileEncoding = 4; lastKnownFileType = sourcecode.swift; path = UIScreen.swift; sourceTree = "<group>"; };
		3F8777E02794340E00667C86 /* Text.swift */ = {isa = PBXFileReference; fileEncoding = 4; lastKnownFileType = sourcecode.swift; path = Text.swift; sourceTree = "<group>"; };
		3F8777E12794340E00667C86 /* DealsTab.swift */ = {isa = PBXFileReference; fileEncoding = 4; lastKnownFileType = sourcecode.swift; path = DealsTab.swift; sourceTree = "<group>"; };
		3F8777EB2794342E00667C86 /* Preview Assets.xcassets */ = {isa = PBXFileReference; lastKnownFileType = folder.assetcatalog; path = "Preview Assets.xcassets"; sourceTree = "<group>"; };
		3F8777EC2794342F00667C86 /* PieCharts.swift */ = {isa = PBXFileReference; fileEncoding = 4; lastKnownFileType = sourcecode.swift; path = PieCharts.swift; sourceTree = "<group>"; };
		3F8777ED2794342F00667C86 /* Deals.swift */ = {isa = PBXFileReference; fileEncoding = 4; lastKnownFileType = sourcecode.swift; path = Deals.swift; sourceTree = "<group>"; };
		3F8777EE2794342F00667C86 /* MainTab.swift */ = {isa = PBXFileReference; fileEncoding = 4; lastKnownFileType = sourcecode.swift; path = MainTab.swift; sourceTree = "<group>"; };
		3F8777EF2794342F00667C86 /* NewPayment.swift */ = {isa = PBXFileReference; fileEncoding = 4; lastKnownFileType = sourcecode.swift; path = NewPayment.swift; sourceTree = "<group>"; };
		3F8777F12794342F00667C86 /* PaymentDecline.swift */ = {isa = PBXFileReference; fileEncoding = 4; lastKnownFileType = sourcecode.swift; path = PaymentDecline.swift; sourceTree = "<group>"; };
		3F8777F22794342F00667C86 /* ShopProfileScreen.swift */ = {isa = PBXFileReference; fileEncoding = 4; lastKnownFileType = sourcecode.swift; path = ShopProfileScreen.swift; sourceTree = "<group>"; };
		3F8777F32794342F00667C86 /* PaymentSuccess.swift */ = {isa = PBXFileReference; fileEncoding = 4; lastKnownFileType = sourcecode.swift; path = PaymentSuccess.swift; sourceTree = "<group>"; };
		3F8777F42794342F00667C86 /* BillSummary.swift */ = {isa = PBXFileReference; fileEncoding = 4; lastKnownFileType = sourcecode.swift; path = BillSummary.swift; sourceTree = "<group>"; };
		3F8777F52794342F00667C86 /* BillAmount.swift */ = {isa = PBXFileReference; fileEncoding = 4; lastKnownFileType = sourcecode.swift; path = BillAmount.swift; sourceTree = "<group>"; };
		3F8777F62794342F00667C86 /* Bill.swift */ = {isa = PBXFileReference; fileEncoding = 4; lastKnownFileType = sourcecode.swift; path = Bill.swift; sourceTree = "<group>"; };
		3F8777F72794342F00667C86 /* KeyboardPad.swift */ = {isa = PBXFileReference; fileEncoding = 4; lastKnownFileType = sourcecode.swift; path = KeyboardPad.swift; sourceTree = "<group>"; };
		3F8777F92794343000667C86 /* GUser.swift */ = {isa = PBXFileReference; fileEncoding = 4; lastKnownFileType = sourcecode.swift; path = GUser.swift; sourceTree = "<group>"; };
		3F8777FA2794343000667C86 /* OnboardingData.swift */ = {isa = PBXFileReference; fileEncoding = 4; lastKnownFileType = sourcecode.swift; path = OnboardingData.swift; sourceTree = "<group>"; };
		3F8777FB2794343000667C86 /* ExpensesTab.swift */ = {isa = PBXFileReference; fileEncoding = 4; lastKnownFileType = sourcecode.swift; path = ExpensesTab.swift; sourceTree = "<group>"; };
		3F8777FC2794343000667C86 /* Launch Screen.storyboard */ = {isa = PBXFileReference; fileEncoding = 4; lastKnownFileType = file.storyboard; path = "Launch Screen.storyboard"; sourceTree = "<group>"; };
		3F8777FD2794343000667C86 /* HomeTab.swift */ = {isa = PBXFileReference; fileEncoding = 4; lastKnownFileType = sourcecode.swift; path = HomeTab.swift; sourceTree = "<group>"; };
		3F8778012794343100667C86 /* Pending.swift */ = {isa = PBXFileReference; fileEncoding = 4; lastKnownFileType = sourcecode.swift; path = Pending.swift; sourceTree = "<group>"; };
		3F8778022794343100667C86 /* Success.swift */ = {isa = PBXFileReference; fileEncoding = 4; lastKnownFileType = sourcecode.swift; path = Success.swift; sourceTree = "<group>"; };
		3F8778032794343100667C86 /* Failed.swift */ = {isa = PBXFileReference; fileEncoding = 4; lastKnownFileType = sourcecode.swift; path = Failed.swift; sourceTree = "<group>"; };
		3F8778052794343100667C86 /* BottomButton.swift */ = {isa = PBXFileReference; fileEncoding = 4; lastKnownFileType = sourcecode.swift; path = BottomButton.swift; sourceTree = "<group>"; };
		3F8778062794343100667C86 /* Rating.swift */ = {isa = PBXFileReference; fileEncoding = 4; lastKnownFileType = sourcecode.swift; path = Rating.swift; sourceTree = "<group>"; };
		3F8778072794343100667C86 /* GradientView.swift */ = {isa = PBXFileReference; fileEncoding = 4; lastKnownFileType = sourcecode.swift; path = GradientView.swift; sourceTree = "<group>"; };
		3F8778082794343100667C86 /* Reciept.swift */ = {isa = PBXFileReference; fileEncoding = 4; lastKnownFileType = sourcecode.swift; path = Reciept.swift; sourceTree = "<group>"; };
		3F87780B2794343100667C86 /* MainView.swift */ = {isa = PBXFileReference; fileEncoding = 4; lastKnownFileType = sourcecode.swift; path = MainView.swift; sourceTree = "<group>"; };
		3F87780C2794343100667C86 /* LocalMarket.swift */ = {isa = PBXFileReference; fileEncoding = 4; lastKnownFileType = sourcecode.swift; path = LocalMarket.swift; sourceTree = "<group>"; };
		3F87780F2794343100667C86 /* ShopView.swift */ = {isa = PBXFileReference; fileEncoding = 4; lastKnownFileType = sourcecode.swift; path = ShopView.swift; sourceTree = "<group>"; };
		3F8778102794343100667C86 /* Payment.swift */ = {isa = PBXFileReference; fileEncoding = 4; lastKnownFileType = sourcecode.swift; path = Payment.swift; sourceTree = "<group>"; };
		3F8778122794343100667C86 /* ShopDetails.swift */ = {isa = PBXFileReference; fileEncoding = 4; lastKnownFileType = sourcecode.swift; path = ShopDetails.swift; sourceTree = "<group>"; };
		3F8778132794343100667C86 /* PaymentMethods.swift */ = {isa = PBXFileReference; fileEncoding = 4; lastKnownFileType = sourcecode.swift; path = PaymentMethods.swift; sourceTree = "<group>"; };
		3F8778142794343100667C86 /* PaymentBottomView.swift */ = {isa = PBXFileReference; fileEncoding = 4; lastKnownFileType = sourcecode.swift; path = PaymentBottomView.swift; sourceTree = "<group>"; };
		3F8778152794343100667C86 /* PaymentMethod.swift */ = {isa = PBXFileReference; fileEncoding = 4; lastKnownFileType = sourcecode.swift; path = PaymentMethod.swift; sourceTree = "<group>"; };
		3F8778162794343100667C86 /* PaymentTopView.swift */ = {isa = PBXFileReference; fileEncoding = 4; lastKnownFileType = sourcecode.swift; path = PaymentTopView.swift; sourceTree = "<group>"; };
		3F8778172794343100667C86 /* ShopImages.swift */ = {isa = PBXFileReference; fileEncoding = 4; lastKnownFileType = sourcecode.swift; path = ShopImages.swift; sourceTree = "<group>"; };
		3F8778182794343100667C86 /* ContactUs.swift */ = {isa = PBXFileReference; fileEncoding = 4; lastKnownFileType = sourcecode.swift; path = ContactUs.swift; sourceTree = "<group>"; };
		3F87781A2794343100667C86 /* TrendingSalon.swift */ = {isa = PBXFileReference; fileEncoding = 4; lastKnownFileType = sourcecode.swift; path = TrendingSalon.swift; sourceTree = "<group>"; };
		3F87781C2794343100667C86 /* NearbyFood.swift */ = {isa = PBXFileReference; fileEncoding = 4; lastKnownFileType = sourcecode.swift; path = NearbyFood.swift; sourceTree = "<group>"; };
		3F87781E2794343100667C86 /* Nearby.swift */ = {isa = PBXFileReference; fileEncoding = 4; lastKnownFileType = sourcecode.swift; path = Nearby.swift; sourceTree = "<group>"; };
		3F87781F2794343100667C86 /* Trending.swift */ = {isa = PBXFileReference; fileEncoding = 4; lastKnownFileType = sourcecode.swift; path = Trending.swift; sourceTree = "<group>"; };
		3F8778202794343100667C86 /* TrendingFood.swift */ = {isa = PBXFileReference; fileEncoding = 4; lastKnownFileType = sourcecode.swift; path = TrendingFood.swift; sourceTree = "<group>"; };
		3F8778212794343100667C86 /* NearbySalon.swift */ = {isa = PBXFileReference; fileEncoding = 4; lastKnownFileType = sourcecode.swift; path = NearbySalon.swift; sourceTree = "<group>"; };
		3F8778222794343100667C86 /* TrendingFashion.swift */ = {isa = PBXFileReference; fileEncoding = 4; lastKnownFileType = sourcecode.swift; path = TrendingFashion.swift; sourceTree = "<group>"; };
		3F8778232794343100667C86 /* NearbyFashion.swift */ = {isa = PBXFileReference; fileEncoding = 4; lastKnownFileType = sourcecode.swift; path = NearbyFashion.swift; sourceTree = "<group>"; };
		3F8778242794343100667C86 /* FavoriteTab.swift */ = {isa = PBXFileReference; fileEncoding = 4; lastKnownFileType = sourcecode.swift; path = FavoriteTab.swift; sourceTree = "<group>"; };
		3F8778262794343100667C86 /* EnterMobileNumber.swift */ = {isa = PBXFileReference; fileEncoding = 4; lastKnownFileType = sourcecode.swift; path = EnterMobileNumber.swift; sourceTree = "<group>"; };
		3F8778272794343100667C86 /* SetPin.swift */ = {isa = PBXFileReference; fileEncoding = 4; lastKnownFileType = sourcecode.swift; path = SetPin.swift; sourceTree = "<group>"; };
		3F8778282794343100667C86 /* ProfilePage.swift */ = {isa = PBXFileReference; fileEncoding = 4; lastKnownFileType = sourcecode.swift; path = ProfilePage.swift; sourceTree = "<group>"; };
		3F8778292794343100667C86 /* keyBoard.swift */ = {isa = PBXFileReference; fileEncoding = 4; lastKnownFileType = sourcecode.swift; path = keyBoard.swift; sourceTree = "<group>"; };
		3F87782A2794343100667C86 /* VerifiedSuccessfully.swift */ = {isa = PBXFileReference; fileEncoding = 4; lastKnownFileType = sourcecode.swift; path = VerifiedSuccessfully.swift; sourceTree = "<group>"; };
		3F87782B2794343100667C86 /* EnterPin.swift */ = {isa = PBXFileReference; fileEncoding = 4; lastKnownFileType = sourcecode.swift; path = EnterPin.swift; sourceTree = "<group>"; };
		3F87782C2794343100667C86 /* OTPPin.swift */ = {isa = PBXFileReference; fileEncoding = 4; lastKnownFileType = sourcecode.swift; path = OTPPin.swift; sourceTree = "<group>"; };
		3F87782E2794343200667C86 /* OTPView.swift */ = {isa = PBXFileReference; fileEncoding = 4; lastKnownFileType = sourcecode.swift; path = OTPView.swift; sourceTree = "<group>"; };
		3F8778302794343200667C86 /* Gullak.swift */ = {isa = PBXFileReference; fileEncoding = 4; lastKnownFileType = sourcecode.swift; path = Gullak.swift; sourceTree = "<group>"; };
		3F8778312794343200667C86 /* PaymentCard.swift */ = {isa = PBXFileReference; fileEncoding = 4; lastKnownFileType = sourcecode.swift; path = PaymentCard.swift; sourceTree = "<group>"; };
		3F8778322794343200667C86 /* BillingScreen.swift */ = {isa = PBXFileReference; fileEncoding = 4; lastKnownFileType = sourcecode.swift; path = BillingScreen.swift; sourceTree = "<group>"; };
		3F8778332794343200667C86 /* UserProfile.swift */ = {isa = PBXFileReference; fileEncoding = 4; lastKnownFileType = sourcecode.swift; path = UserProfile.swift; sourceTree = "<group>"; };
		3F8778342794343200667C86 /* ReferAndEarn.swift */ = {isa = PBXFileReference; fileEncoding = 4; lastKnownFileType = sourcecode.swift; path = ReferAndEarn.swift; sourceTree = "<group>"; };
		3F8778352794343200667C86 /* UserInformationScreen.swift */ = {isa = PBXFileReference; fileEncoding = 4; lastKnownFileType = sourcecode.swift; path = UserInformationScreen.swift; sourceTree = "<group>"; };
		3F8778362794343200667C86 /* ProfileActivation.swift */ = {isa = PBXFileReference; fileEncoding = 4; lastKnownFileType = sourcecode.swift; path = ProfileActivation.swift; sourceTree = "<group>"; };
		3F8778382794343200667C86 /* PieChartWindow.swift */ = {isa = PBXFileReference; fileEncoding = 4; lastKnownFileType = sourcecode.swift; path = PieChartWindow.swift; sourceTree = "<group>"; };
		3F8778392794343200667C86 /* BarCharts.swift */ = {isa = PBXFileReference; fileEncoding = 4; lastKnownFileType = sourcecode.swift; path = BarCharts.swift; sourceTree = "<group>"; };
		3F87783A2794343200667C86 /* BarChartsWindow.swift */ = {isa = PBXFileReference; fileEncoding = 4; lastKnownFileType = sourcecode.swift; path = BarChartsWindow.swift; sourceTree = "<group>"; };
		3F87783B2794343200667C86 /* AuthenticationView.swift */ = {isa = PBXFileReference; fileEncoding = 4; lastKnownFileType = sourcecode.swift; path = AuthenticationView.swift; sourceTree = "<group>"; };
		3F87783C2794343200667C86 /* OnbordingView.swift */ = {isa = PBXFileReference; fileEncoding = 4; lastKnownFileType = sourcecode.swift; path = OnbordingView.swift; sourceTree = "<group>"; };
		3F87783D2794343200667C86 /* ContentView.swift */ = {isa = PBXFileReference; fileEncoding = 4; lastKnownFileType = sourcecode.swift; path = ContentView.swift; sourceTree = "<group>"; };
		3F87783F2794343200667C86 /* PageTabView.swift */ = {isa = PBXFileReference; fileEncoding = 4; lastKnownFileType = sourcecode.swift; path = PageTabView.swift; sourceTree = "<group>"; };
		3F8778402794343200667C86 /* TabDetailsView.swift */ = {isa = PBXFileReference; fileEncoding = 4; lastKnownFileType = sourcecode.swift; path = TabDetailsView.swift; sourceTree = "<group>"; };
		3F8778412794343200667C86 /* FirebaseViewModel.swift */ = {isa = PBXFileReference; fileEncoding = 4; lastKnownFileType = sourcecode.swift; path = FirebaseViewModel.swift; sourceTree = "<group>"; };
		693D6C302799A9A700DF62C4 /* AboutUs.swift */ = {isa = PBXFileReference; lastKnownFileType = sourcecode.swift; path = AboutUs.swift; sourceTree = "<group>"; };
		693D6C362799AA2600DF62C4 /* PrivacyPolicy.swift */ = {isa = PBXFileReference; lastKnownFileType = sourcecode.swift; path = PrivacyPolicy.swift; sourceTree = "<group>"; };
		693D6C382799AA5200DF62C4 /* TermsOfService.swift */ = {isa = PBXFileReference; lastKnownFileType = sourcecode.swift; path = TermsOfService.swift; sourceTree = "<group>"; };
		69E542EC27A53E700096C821 /* SipAndBite.swift */ = {isa = PBXFileReference; lastKnownFileType = sourcecode.swift; path = SipAndBite.swift; sourceTree = "<group>"; };
		69E542EE27A541130096C821 /* LoginViewModel.swift */ = {isa = PBXFileReference; lastKnownFileType = sourcecode.swift; path = LoginViewModel.swift; sourceTree = "<group>"; };
		69E542F027A5420C0096C821 /* AlertView.swift */ = {isa = PBXFileReference; lastKnownFileType = sourcecode.swift; path = AlertView.swift; sourceTree = "<group>"; };
		69E542F627A544510096C821 /* GoogleService-Info.plist */ = {isa = PBXFileReference; fileEncoding = 4; lastKnownFileType = text.plist.xml; path = "GoogleService-Info.plist"; sourceTree = "<group>"; };
		69E542F827A544600096C821 /* Info.plist */ = {isa = PBXFileReference; lastKnownFileType = text.plist; path = Info.plist; sourceTree = "<group>"; };
/* End PBXFileReference section */

/* Begin PBXFrameworksBuildPhase section */
		3F8777C3279433B300667C86 /* Frameworks */ = {
			isa = PBXFrameworksBuildPhase;
			buildActionMask = 2147483647;
			files = (
				69E542E927A53E070096C821 /* FirebaseAuth in Frameworks */,
			);
			runOnlyForDeploymentPostprocessing = 0;
		};
/* End PBXFrameworksBuildPhase section */

/* Begin PBXGroup section */
		3F8777BD279433B300667C86 = {
			isa = PBXGroup;
			children = (
				3F8777C8279433B300667C86 /* GastosApplication */,
				3F8777C7279433B300667C86 /* Products */,
			);
			sourceTree = "<group>";
		};
		3F8777C7279433B300667C86 /* Products */ = {
			isa = PBXGroup;
			children = (
				3F8777C6279433B300667C86 /* GastosApplication.app */,
			);
			name = Products;
			sourceTree = "<group>";
		};
		3F8777C8279433B300667C86 /* GastosApplication */ = {
			isa = PBXGroup;
			children = (
				69E542F827A544600096C821 /* Info.plist */,
				3F8777C9279433B300667C86 /* GastosApplicationApp.swift */,
				69E542F627A544510096C821 /* GoogleService-Info.plist */,
				3F8777CD279433BA00667C86 /* Assets.xcassets */,
				3F8777CF279433BA00667C86 /* Preview Content */,
			);
			path = GastosApplication;
			sourceTree = "<group>";
		};
		3F8777CF279433BA00667C86 /* Preview Content */ = {
			isa = PBXGroup;
			children = (
				693D6C2F2799A97400DF62C4 /* Settings */,
				3F8777DA2794340E00667C86 /* Constants.swift */,
				3F8777E12794340E00667C86 /* DealsTab.swift */,
				3F8777DE2794340E00667C86 /* Extension */,
				3F8777DD2794340E00667C86 /* MapScreen.swift */,
				3F8777DB2794340E00667C86 /* MapsTab.swift */,
				3F8777D92794340D00667C86 /* Places.swift */,
				3F8777DC2794340E00667C86 /* ShopProfile.swift */,
				3F8777D0279433BA00667C86 /* Preview Assets.xcassets */,
				3F8777ED2794342F00667C86 /* Deals.swift */,
				3F8777FB2794343000667C86 /* ExpensesTab.swift */,
				3F8778242794343100667C86 /* FavoriteTab.swift */,
				3F8777FD2794343000667C86 /* HomeTab.swift */,
				3F8777F72794342F00667C86 /* KeyboardPad.swift */,
				3F8777FC2794343000667C86 /* Launch Screen.storyboard */,
				3F8777EE2794342F00667C86 /* MainTab.swift */,
				3F8777F82794343000667C86 /* Model */,
				3F8777EF2794342F00667C86 /* NewPayment.swift */,
				3F8777F02794342F00667C86 /* Payment Screens */,
				3F8777EC2794342F00667C86 /* PieCharts.swift */,
				3F8777EA2794342E00667C86 /* Preview Content */,
				3F8777FE2794343100667C86 /* Shops */,
				3F87782D2794343200667C86 /* View */,
				3F8778252794343100667C86 /* Entry Screens */,
				3F87783E2794343200667C86 /* View Model */,
			);
			path = "Preview Content";
			sourceTree = "<group>";
		};
		3F8777DE2794340E00667C86 /* Extension */ = {
			isa = PBXGroup;
			children = (
				3F8777DF2794340E00667C86 /* UIScreen.swift */,
				3F8777E02794340E00667C86 /* Text.swift */,
			);
			path = Extension;
			sourceTree = "<group>";
		};
		3F8777EA2794342E00667C86 /* Preview Content */ = {
			isa = PBXGroup;
			children = (
				3F8777EB2794342E00667C86 /* Preview Assets.xcassets */,
			);
			path = "Preview Content";
			sourceTree = "<group>";
		};
		3F8777F02794342F00667C86 /* Payment Screens */ = {
			isa = PBXGroup;
			children = (
				3F8777F12794342F00667C86 /* PaymentDecline.swift */,
				3F8777F22794342F00667C86 /* ShopProfileScreen.swift */,
				3F8777F32794342F00667C86 /* PaymentSuccess.swift */,
				3F8777F42794342F00667C86 /* BillSummary.swift */,
				3F8777F52794342F00667C86 /* BillAmount.swift */,
				3F8777F62794342F00667C86 /* Bill.swift */,
			);
			path = "Payment Screens";
			sourceTree = "<group>";
		};
		3F8777F82794343000667C86 /* Model */ = {
			isa = PBXGroup;
			children = (
				3F8777F92794343000667C86 /* GUser.swift */,
				3F8777FA2794343000667C86 /* OnboardingData.swift */,
			);
			path = Model;
			sourceTree = "<group>";
		};
		3F8777FE2794343100667C86 /* Shops */ = {
			isa = PBXGroup;
			children = (
				69E542EA27A53E590096C821 /* Categories */,
				3F8777FF2794343100667C86 /* Payments */,
				3F87780A2794343100667C86 /* MainViews */,
				3F87780D2794343100667C86 /* Shop */,
				3F8778192794343100667C86 /* Detail */,
			);
			path = Shops;
			sourceTree = "<group>";
		};
		3F8777FF2794343100667C86 /* Payments */ = {
			isa = PBXGroup;
			children = (
				3F8778002794343100667C86 /* MainViews */,
				3F8778042794343100667C86 /* Detail */,
			);
			path = Payments;
			sourceTree = "<group>";
		};
		3F8778002794343100667C86 /* MainViews */ = {
			isa = PBXGroup;
			children = (
				3F8778012794343100667C86 /* Pending.swift */,
				3F8778022794343100667C86 /* Success.swift */,
				3F8778032794343100667C86 /* Failed.swift */,
			);
			path = MainViews;
			sourceTree = "<group>";
		};
		3F8778042794343100667C86 /* Detail */ = {
			isa = PBXGroup;
			children = (
				3F8778052794343100667C86 /* BottomButton.swift */,
				3F8778062794343100667C86 /* Rating.swift */,
				3F8778072794343100667C86 /* GradientView.swift */,
				3F8778082794343100667C86 /* Reciept.swift */,
			);
			path = Detail;
			sourceTree = "<group>";
		};
		3F87780A2794343100667C86 /* MainViews */ = {
			isa = PBXGroup;
			children = (
				3F87780B2794343100667C86 /* MainView.swift */,
				3F87780C2794343100667C86 /* LocalMarket.swift */,
			);
			path = MainViews;
			sourceTree = "<group>";
		};
		3F87780D2794343100667C86 /* Shop */ = {
			isa = PBXGroup;
			children = (
				3F87780E2794343100667C86 /* MainViews */,
				3F8778112794343100667C86 /* Detail */,
			);
			path = Shop;
			sourceTree = "<group>";
		};
		3F87780E2794343100667C86 /* MainViews */ = {
			isa = PBXGroup;
			children = (
				3F87780F2794343100667C86 /* ShopView.swift */,
				3F8778102794343100667C86 /* Payment.swift */,
			);
			path = MainViews;
			sourceTree = "<group>";
		};
		3F8778112794343100667C86 /* Detail */ = {
			isa = PBXGroup;
			children = (
				3F8778122794343100667C86 /* ShopDetails.swift */,
				3F8778132794343100667C86 /* PaymentMethods.swift */,
				3F8778142794343100667C86 /* PaymentBottomView.swift */,
				3F8778152794343100667C86 /* PaymentMethod.swift */,
				3F8778162794343100667C86 /* PaymentTopView.swift */,
				3F8778172794343100667C86 /* ShopImages.swift */,
				3F8778182794343100667C86 /* ContactUs.swift */,
			);
			path = Detail;
			sourceTree = "<group>";
		};
		3F8778192794343100667C86 /* Detail */ = {
			isa = PBXGroup;
			children = (
				3F87781A2794343100667C86 /* TrendingSalon.swift */,
				3F87781C2794343100667C86 /* NearbyFood.swift */,
				3F87781E2794343100667C86 /* Nearby.swift */,
				3F87781F2794343100667C86 /* Trending.swift */,
				3F8778202794343100667C86 /* TrendingFood.swift */,
				3F8778212794343100667C86 /* NearbySalon.swift */,
				3F8778222794343100667C86 /* TrendingFashion.swift */,
				3F8778232794343100667C86 /* NearbyFashion.swift */,
			);
			path = Detail;
			sourceTree = "<group>";
		};
		3F8778252794343100667C86 /* Entry Screens */ = {
			isa = PBXGroup;
			children = (
				3F8778262794343100667C86 /* EnterMobileNumber.swift */,
				3F8778272794343100667C86 /* SetPin.swift */,
				3F8778282794343100667C86 /* ProfilePage.swift */,
				3F8778292794343100667C86 /* keyBoard.swift */,
				3F87782A2794343100667C86 /* VerifiedSuccessfully.swift */,
				3F87782B2794343100667C86 /* EnterPin.swift */,
				3F87782C2794343100667C86 /* OTPPin.swift */,
				69E542F027A5420C0096C821 /* AlertView.swift */,
			);
			path = "Entry Screens";
			sourceTree = "<group>";
		};
		3F87782D2794343200667C86 /* View */ = {
			isa = PBXGroup;
			children = (
				3F87782E2794343200667C86 /* OTPView.swift */,
				3F87782F2794343200667C86 /* ProfileView */,
				3F8778372794343200667C86 /* ChartsView */,
				3F87783B2794343200667C86 /* AuthenticationView.swift */,
				3F87783C2794343200667C86 /* OnbordingView.swift */,
				3F87783D2794343200667C86 /* ContentView.swift */,
			);
			path = View;
			sourceTree = "<group>";
		};
		3F87782F2794343200667C86 /* ProfileView */ = {
			isa = PBXGroup;
			children = (
				3F8778302794343200667C86 /* Gullak.swift */,
				3F8778312794343200667C86 /* PaymentCard.swift */,
				3F8778322794343200667C86 /* BillingScreen.swift */,
				3F8778332794343200667C86 /* UserProfile.swift */,
				3F8778342794343200667C86 /* ReferAndEarn.swift */,
				3F8778352794343200667C86 /* UserInformationScreen.swift */,
				3F8778362794343200667C86 /* ProfileActivation.swift */,
			);
			path = ProfileView;
			sourceTree = "<group>";
		};
		3F8778372794343200667C86 /* ChartsView */ = {
			isa = PBXGroup;
			children = (
				3F8778382794343200667C86 /* PieChartWindow.swift */,
				3F8778392794343200667C86 /* BarCharts.swift */,
				3F87783A2794343200667C86 /* BarChartsWindow.swift */,
			);
			path = ChartsView;
			sourceTree = "<group>";
		};
		3F87783E2794343200667C86 /* View Model */ = {
			isa = PBXGroup;
			children = (
				3F87783F2794343200667C86 /* PageTabView.swift */,
				3F8778402794343200667C86 /* TabDetailsView.swift */,
				3F8778412794343200667C86 /* FirebaseViewModel.swift */,
				69E542EE27A541130096C821 /* LoginViewModel.swift */,
			);
			path = "View Model";
			sourceTree = "<group>";
		};
		693D6C2F2799A97400DF62C4 /* Settings */ = {
			isa = PBXGroup;
			children = (
				693D6C322799A9CD00DF62C4 /* MainViews */,
			);
			path = Settings;
			sourceTree = "<group>";
		};
		693D6C322799A9CD00DF62C4 /* MainViews */ = {
			isa = PBXGroup;
			children = (
				693D6C302799A9A700DF62C4 /* AboutUs.swift */,
				693D6C362799AA2600DF62C4 /* PrivacyPolicy.swift */,
				693D6C382799AA5200DF62C4 /* TermsOfService.swift */,
			);
			path = MainViews;
			sourceTree = "<group>";
		};
		69E542EA27A53E590096C821 /* Categories */ = {
			isa = PBXGroup;
			children = (
				69E542EB27A53E650096C821 /* MainViews */,
			);
			path = Categories;
			sourceTree = "<group>";
		};
		69E542EB27A53E650096C821 /* MainViews */ = {
			isa = PBXGroup;
			children = (
				69E542EC27A53E700096C821 /* SipAndBite.swift */,
			);
			path = MainViews;
			sourceTree = "<group>";
		};
/* End PBXGroup section */

/* Begin PBXNativeTarget section */
		3F8777C5279433B300667C86 /* GastosApplication */ = {
			isa = PBXNativeTarget;
			buildConfigurationList = 3F8777D4279433BA00667C86 /* Build configuration list for PBXNativeTarget "GastosApplication" */;
			buildPhases = (
				3F8777C2279433B300667C86 /* Sources */,
				3F8777C3279433B300667C86 /* Frameworks */,
				3F8777C4279433B300667C86 /* Resources */,
			);
			buildRules = (
			);
			dependencies = (
			);
			name = GastosApplication;
			packageProductDependencies = (
				69E542E827A53E070096C821 /* FirebaseAuth */,
			);
			productName = GastosApplication;
			productReference = 3F8777C6279433B300667C86 /* GastosApplication.app */;
			productType = "com.apple.product-type.application";
		};
/* End PBXNativeTarget section */

/* Begin PBXProject section */
		3F8777BE279433B300667C86 /* Project object */ = {
			isa = PBXProject;
			attributes = {
				BuildIndependentTargetsInParallel = 1;
				LastSwiftUpdateCheck = 1310;
				LastUpgradeCheck = 1310;
				TargetAttributes = {
					3F8777C5279433B300667C86 = {
						CreatedOnToolsVersion = 13.1;
					};
				};
			};
			buildConfigurationList = 3F8777C1279433B300667C86 /* Build configuration list for PBXProject "GastosApplication" */;
			compatibilityVersion = "Xcode 13.0";
			developmentRegion = en;
			hasScannedForEncodings = 0;
			knownRegions = (
				en,
				Base,
			);
			mainGroup = 3F8777BD279433B300667C86;
			packageReferences = (
				69E542E727A53E070096C821 /* XCRemoteSwiftPackageReference "firebase-ios-sdk" */,
			);
			productRefGroup = 3F8777C7279433B300667C86 /* Products */;
			projectDirPath = "";
			projectRoot = "";
			targets = (
				3F8777C5279433B300667C86 /* GastosApplication */,
			);
		};
/* End PBXProject section */

/* Begin PBXResourcesBuildPhase section */
		3F8777C4279433B300667C86 /* Resources */ = {
			isa = PBXResourcesBuildPhase;
			buildActionMask = 2147483647;
			files = (
				3F8777D1279433BA00667C86 /* Preview Assets.xcassets in Resources */,
				3F8778422794343200667C86 /* Preview Assets.xcassets in Resources */,
				69E542F727A544510096C821 /* GoogleService-Info.plist in Resources */,
				3F8778512794343200667C86 /* Launch Screen.storyboard in Resources */,
				3F8777CE279433BA00667C86 /* Assets.xcassets in Resources */,
			);
			runOnlyForDeploymentPostprocessing = 0;
		};
/* End PBXResourcesBuildPhase section */

/* Begin PBXSourcesBuildPhase section */
		3F8777C2279433B300667C86 /* Sources */ = {
			isa = PBXSourcesBuildPhase;
			buildActionMask = 2147483647;
			files = (
				3F87784A2794343200667C86 /* BillSummary.swift in Sources */,
				3F8778502794343200667C86 /* ExpensesTab.swift in Sources */,
				3F8777E62794340F00667C86 /* MapScreen.swift in Sources */,
				3F8778622794343200667C86 /* PaymentMethod.swift in Sources */,
				3F8778722794343300667C86 /* SetPin.swift in Sources */,
				3F87785C2794343200667C86 /* LocalMarket.swift in Sources */,
				3F8778472794343200667C86 /* PaymentDecline.swift in Sources */,
				3F87786F2794343300667C86 /* NearbyFashion.swift in Sources */,
				3F8777E32794340F00667C86 /* Constants.swift in Sources */,
				3F87784C2794343200667C86 /* Bill.swift in Sources */,
				3F8778562794343200667C86 /* BottomButton.swift in Sources */,
				3F87785F2794343200667C86 /* ShopDetails.swift in Sources */,
				3F8778762794343300667C86 /* EnterPin.swift in Sources */,
				3F8778702794343300667C86 /* FavoriteTab.swift in Sources */,
				3F8778662794343200667C86 /* TrendingSalon.swift in Sources */,
				3F8778482794343200667C86 /* ShopProfileScreen.swift in Sources */,
				3F87787D2794343300667C86 /* ReferAndEarn.swift in Sources */,
				3F87787C2794343300667C86 /* UserProfile.swift in Sources */,
				3F8778732794343300667C86 /* ProfilePage.swift in Sources */,
				3F87785B2794343200667C86 /* MainView.swift in Sources */,
				3F8777E52794340F00667C86 /* ShopProfile.swift in Sources */,
				3F8778592794343200667C86 /* Reciept.swift in Sources */,
				3F8778852794343300667C86 /* ContentView.swift in Sources */,
				693D6C312799A9A700DF62C4 /* AboutUs.swift in Sources */,
				693D6C392799AA5200DF62C4 /* TermsOfService.swift in Sources */,
				3F8778842794343300667C86 /* OnbordingView.swift in Sources */,
				3F87786C2794343300667C86 /* TrendingFood.swift in Sources */,
				3F8778822794343300667C86 /* BarChartsWindow.swift in Sources */,
				3F8778442794343200667C86 /* Deals.swift in Sources */,
				3F8778552794343200667C86 /* Failed.swift in Sources */,
				3F87787F2794343300667C86 /* ProfileActivation.swift in Sources */,
				3F87786E2794343300667C86 /* TrendingFashion.swift in Sources */,
				3F8777E72794340F00667C86 /* UIScreen.swift in Sources */,
				3F87787A2794343300667C86 /* PaymentCard.swift in Sources */,
				3F87785E2794343200667C86 /* Payment.swift in Sources */,
				3F8778802794343300667C86 /* PieChartWindow.swift in Sources */,
				3F8778862794343300667C86 /* PageTabView.swift in Sources */,
				69E542ED27A53E700096C821 /* SipAndBite.swift in Sources */,
				3F8778682794343200667C86 /* NearbyFood.swift in Sources */,
				3F87784D2794343200667C86 /* KeyboardPad.swift in Sources */,
				3F87786D2794343300667C86 /* NearbySalon.swift in Sources */,
				3F8778772794343300667C86 /* OTPPin.swift in Sources */,
				3F8778572794343200667C86 /* Rating.swift in Sources */,
				3F87784E2794343200667C86 /* GUser.swift in Sources */,
				3F87784F2794343200667C86 /* OnboardingData.swift in Sources */,
				3F8778452794343200667C86 /* MainTab.swift in Sources */,
				3F87787B2794343300667C86 /* BillingScreen.swift in Sources */,
				3F8778752794343300667C86 /* VerifiedSuccessfully.swift in Sources */,
				3F8778742794343300667C86 /* keyBoard.swift in Sources */,
				3F87785D2794343200667C86 /* ShopView.swift in Sources */,
				3F8778872794343300667C86 /* TabDetailsView.swift in Sources */,
				3F8777E42794340F00667C86 /* MapsTab.swift in Sources */,
				3F8778812794343300667C86 /* BarCharts.swift in Sources */,
				3F8778602794343200667C86 /* PaymentMethods.swift in Sources */,
				3F8778522794343200667C86 /* HomeTab.swift in Sources */,
				3F8778492794343200667C86 /* PaymentSuccess.swift in Sources */,
				69E542F127A5420C0096C821 /* AlertView.swift in Sources */,
				3F8777E82794340F00667C86 /* Text.swift in Sources */,
				3F87786A2794343200667C86 /* Nearby.swift in Sources */,
				3F8778712794343300667C86 /* EnterMobileNumber.swift in Sources */,
				3F87787E2794343300667C86 /* UserInformationScreen.swift in Sources */,
				3F8778582794343200667C86 /* GradientView.swift in Sources */,
				3F8778462794343200667C86 /* NewPayment.swift in Sources */,
				3F8777CA279433B300667C86 /* GastosApplicationApp.swift in Sources */,
				3F8778652794343200667C86 /* ContactUs.swift in Sources */,
				3F8778632794343200667C86 /* PaymentTopView.swift in Sources */,
				3F8778432794343200667C86 /* PieCharts.swift in Sources */,
				3F8778782794343300667C86 /* OTPView.swift in Sources */,
				693D6C372799AA2600DF62C4 /* PrivacyPolicy.swift in Sources */,
				69E542EF27A541130096C821 /* LoginViewModel.swift in Sources */,
				3F8777E22794340F00667C86 /* Places.swift in Sources */,
				3F8778792794343300667C86 /* Gullak.swift in Sources */,
				3F8778532794343200667C86 /* Pending.swift in Sources */,
				3F8778642794343200667C86 /* ShopImages.swift in Sources */,
				3F87786B2794343200667C86 /* Trending.swift in Sources */,
				3F8778542794343200667C86 /* Success.swift in Sources */,
				3F87784B2794343200667C86 /* BillAmount.swift in Sources */,
				3F8778612794343200667C86 /* PaymentBottomView.swift in Sources */,
				3F8777E92794340F00667C86 /* DealsTab.swift in Sources */,
				3F8778832794343300667C86 /* AuthenticationView.swift in Sources */,
				3F8778882794343300667C86 /* FirebaseViewModel.swift in Sources */,
			);
			runOnlyForDeploymentPostprocessing = 0;
		};
/* End PBXSourcesBuildPhase section */

/* Begin XCBuildConfiguration section */
		3F8777D2279433BA00667C86 /* Debug */ = {
			isa = XCBuildConfiguration;
			buildSettings = {
				ALWAYS_SEARCH_USER_PATHS = NO;
				CLANG_ANALYZER_NONNULL = YES;
				CLANG_ANALYZER_NUMBER_OBJECT_CONVERSION = YES_AGGRESSIVE;
				CLANG_CXX_LANGUAGE_STANDARD = "gnu++17";
				CLANG_CXX_LIBRARY = "libc++";
				CLANG_ENABLE_MODULES = YES;
				CLANG_ENABLE_OBJC_ARC = YES;
				CLANG_ENABLE_OBJC_WEAK = YES;
				CLANG_WARN_BLOCK_CAPTURE_AUTORELEASING = YES;
				CLANG_WARN_BOOL_CONVERSION = YES;
				CLANG_WARN_COMMA = YES;
				CLANG_WARN_CONSTANT_CONVERSION = YES;
				CLANG_WARN_DEPRECATED_OBJC_IMPLEMENTATIONS = YES;
				CLANG_WARN_DIRECT_OBJC_ISA_USAGE = YES_ERROR;
				CLANG_WARN_DOCUMENTATION_COMMENTS = YES;
				CLANG_WARN_EMPTY_BODY = YES;
				CLANG_WARN_ENUM_CONVERSION = YES;
				CLANG_WARN_INFINITE_RECURSION = YES;
				CLANG_WARN_INT_CONVERSION = YES;
				CLANG_WARN_NON_LITERAL_NULL_CONVERSION = YES;
				CLANG_WARN_OBJC_IMPLICIT_RETAIN_SELF = YES;
				CLANG_WARN_OBJC_LITERAL_CONVERSION = YES;
				CLANG_WARN_OBJC_ROOT_CLASS = YES_ERROR;
				CLANG_WARN_QUOTED_INCLUDE_IN_FRAMEWORK_HEADER = YES;
				CLANG_WARN_RANGE_LOOP_ANALYSIS = YES;
				CLANG_WARN_STRICT_PROTOTYPES = YES;
				CLANG_WARN_SUSPICIOUS_MOVE = YES;
				CLANG_WARN_UNGUARDED_AVAILABILITY = YES_AGGRESSIVE;
				CLANG_WARN_UNREACHABLE_CODE = YES;
				CLANG_WARN__DUPLICATE_METHOD_MATCH = YES;
				COPY_PHASE_STRIP = NO;
				DEBUG_INFORMATION_FORMAT = dwarf;
				ENABLE_STRICT_OBJC_MSGSEND = YES;
				ENABLE_TESTABILITY = YES;
				GCC_C_LANGUAGE_STANDARD = gnu11;
				GCC_DYNAMIC_NO_PIC = NO;
				GCC_NO_COMMON_BLOCKS = YES;
				GCC_OPTIMIZATION_LEVEL = 0;
				GCC_PREPROCESSOR_DEFINITIONS = (
					"DEBUG=1",
					"$(inherited)",
				);
				GCC_WARN_64_TO_32_BIT_CONVERSION = YES;
				GCC_WARN_ABOUT_RETURN_TYPE = YES_ERROR;
				GCC_WARN_UNDECLARED_SELECTOR = YES;
				GCC_WARN_UNINITIALIZED_AUTOS = YES_AGGRESSIVE;
				GCC_WARN_UNUSED_FUNCTION = YES;
				GCC_WARN_UNUSED_VARIABLE = YES;
				IPHONEOS_DEPLOYMENT_TARGET = 15.0;
				MTL_ENABLE_DEBUG_INFO = INCLUDE_SOURCE;
				MTL_FAST_MATH = YES;
				ONLY_ACTIVE_ARCH = YES;
				SDKROOT = iphoneos;
				SWIFT_ACTIVE_COMPILATION_CONDITIONS = DEBUG;
				SWIFT_OPTIMIZATION_LEVEL = "-Onone";
			};
			name = Debug;
		};
		3F8777D3279433BA00667C86 /* Release */ = {
			isa = XCBuildConfiguration;
			buildSettings = {
				ALWAYS_SEARCH_USER_PATHS = NO;
				CLANG_ANALYZER_NONNULL = YES;
				CLANG_ANALYZER_NUMBER_OBJECT_CONVERSION = YES_AGGRESSIVE;
				CLANG_CXX_LANGUAGE_STANDARD = "gnu++17";
				CLANG_CXX_LIBRARY = "libc++";
				CLANG_ENABLE_MODULES = YES;
				CLANG_ENABLE_OBJC_ARC = YES;
				CLANG_ENABLE_OBJC_WEAK = YES;
				CLANG_WARN_BLOCK_CAPTURE_AUTORELEASING = YES;
				CLANG_WARN_BOOL_CONVERSION = YES;
				CLANG_WARN_COMMA = YES;
				CLANG_WARN_CONSTANT_CONVERSION = YES;
				CLANG_WARN_DEPRECATED_OBJC_IMPLEMENTATIONS = YES;
				CLANG_WARN_DIRECT_OBJC_ISA_USAGE = YES_ERROR;
				CLANG_WARN_DOCUMENTATION_COMMENTS = YES;
				CLANG_WARN_EMPTY_BODY = YES;
				CLANG_WARN_ENUM_CONVERSION = YES;
				CLANG_WARN_INFINITE_RECURSION = YES;
				CLANG_WARN_INT_CONVERSION = YES;
				CLANG_WARN_NON_LITERAL_NULL_CONVERSION = YES;
				CLANG_WARN_OBJC_IMPLICIT_RETAIN_SELF = YES;
				CLANG_WARN_OBJC_LITERAL_CONVERSION = YES;
				CLANG_WARN_OBJC_ROOT_CLASS = YES_ERROR;
				CLANG_WARN_QUOTED_INCLUDE_IN_FRAMEWORK_HEADER = YES;
				CLANG_WARN_RANGE_LOOP_ANALYSIS = YES;
				CLANG_WARN_STRICT_PROTOTYPES = YES;
				CLANG_WARN_SUSPICIOUS_MOVE = YES;
				CLANG_WARN_UNGUARDED_AVAILABILITY = YES_AGGRESSIVE;
				CLANG_WARN_UNREACHABLE_CODE = YES;
				CLANG_WARN__DUPLICATE_METHOD_MATCH = YES;
				COPY_PHASE_STRIP = NO;
				DEBUG_INFORMATION_FORMAT = "dwarf-with-dsym";
				ENABLE_NS_ASSERTIONS = NO;
				ENABLE_STRICT_OBJC_MSGSEND = YES;
				GCC_C_LANGUAGE_STANDARD = gnu11;
				GCC_NO_COMMON_BLOCKS = YES;
				GCC_WARN_64_TO_32_BIT_CONVERSION = YES;
				GCC_WARN_ABOUT_RETURN_TYPE = YES_ERROR;
				GCC_WARN_UNDECLARED_SELECTOR = YES;
				GCC_WARN_UNINITIALIZED_AUTOS = YES_AGGRESSIVE;
				GCC_WARN_UNUSED_FUNCTION = YES;
				GCC_WARN_UNUSED_VARIABLE = YES;
				IPHONEOS_DEPLOYMENT_TARGET = 15.0;
				MTL_ENABLE_DEBUG_INFO = NO;
				MTL_FAST_MATH = YES;
				SDKROOT = iphoneos;
				SWIFT_COMPILATION_MODE = wholemodule;
				SWIFT_OPTIMIZATION_LEVEL = "-O";
				VALIDATE_PRODUCT = YES;
			};
			name = Release;
		};
		3F8777D5279433BA00667C86 /* Debug */ = {
			isa = XCBuildConfiguration;
			buildSettings = {
				ASSETCATALOG_COMPILER_APPICON_NAME = AppIcon;
				ASSETCATALOG_COMPILER_GLOBAL_ACCENT_COLOR_NAME = AccentColor;
				CODE_SIGN_STYLE = Automatic;
				CURRENT_PROJECT_VERSION = 1;
				DEVELOPMENT_ASSET_PATHS = "\"GastosApplication/Preview Content\"";
				DEVELOPMENT_TEAM = 9FQ2FNLF2H;
				ENABLE_PREVIEWS = YES;
				GENERATE_INFOPLIST_FILE = YES;
				INFOPLIST_FILE = GastosApplication/Info.plist;
				INFOPLIST_KEY_UIApplicationSceneManifest_Generation = YES;
				INFOPLIST_KEY_UIApplicationSupportsIndirectInputEvents = YES;
				INFOPLIST_KEY_UILaunchScreen_Generation = YES;
				INFOPLIST_KEY_UISupportedInterfaceOrientations_iPad = "UIInterfaceOrientationPortrait UIInterfaceOrientationPortraitUpsideDown UIInterfaceOrientationLandscapeLeft UIInterfaceOrientationLandscapeRight";
				INFOPLIST_KEY_UISupportedInterfaceOrientations_iPhone = "UIInterfaceOrientationPortrait UIInterfaceOrientationLandscapeLeft UIInterfaceOrientationLandscapeRight";
				LD_RUNPATH_SEARCH_PATHS = (
					"$(inherited)",
					"@executable_path/Frameworks",
				);
				MARKETING_VERSION = 1.0;
				PRODUCT_BUNDLE_IDENTIFIER = com.project.GastosApplication;
				PRODUCT_NAME = "$(TARGET_NAME)";
				SWIFT_EMIT_LOC_STRINGS = YES;
				SWIFT_VERSION = 5.0;
				TARGETED_DEVICE_FAMILY = "1,2";
			};
			name = Debug;
		};
		3F8777D6279433BA00667C86 /* Release */ = {
			isa = XCBuildConfiguration;
			buildSettings = {
				ASSETCATALOG_COMPILER_APPICON_NAME = AppIcon;
				ASSETCATALOG_COMPILER_GLOBAL_ACCENT_COLOR_NAME = AccentColor;
				CODE_SIGN_STYLE = Automatic;
				CURRENT_PROJECT_VERSION = 1;
				DEVELOPMENT_ASSET_PATHS = "\"GastosApplication/Preview Content\"";
				DEVELOPMENT_TEAM = 9FQ2FNLF2H;
				ENABLE_PREVIEWS = YES;
				GENERATE_INFOPLIST_FILE = YES;
				INFOPLIST_FILE = GastosApplication/Info.plist;
				INFOPLIST_KEY_UIApplicationSceneManifest_Generation = YES;
				INFOPLIST_KEY_UIApplicationSupportsIndirectInputEvents = YES;
				INFOPLIST_KEY_UILaunchScreen_Generation = YES;
				INFOPLIST_KEY_UISupportedInterfaceOrientations_iPad = "UIInterfaceOrientationPortrait UIInterfaceOrientationPortraitUpsideDown UIInterfaceOrientationLandscapeLeft UIInterfaceOrientationLandscapeRight";
				INFOPLIST_KEY_UISupportedInterfaceOrientations_iPhone = "UIInterfaceOrientationPortrait UIInterfaceOrientationLandscapeLeft UIInterfaceOrientationLandscapeRight";
				LD_RUNPATH_SEARCH_PATHS = (
					"$(inherited)",
					"@executable_path/Frameworks",
				);
				MARKETING_VERSION = 1.0;
				PRODUCT_BUNDLE_IDENTIFIER = com.project.GastosApplication;
				PRODUCT_NAME = "$(TARGET_NAME)";
				SWIFT_EMIT_LOC_STRINGS = YES;
				SWIFT_VERSION = 5.0;
				TARGETED_DEVICE_FAMILY = "1,2";
			};
			name = Release;
		};
/* End XCBuildConfiguration section */

/* Begin XCConfigurationList section */
		3F8777C1279433B300667C86 /* Build configuration list for PBXProject "GastosApplication" */ = {
			isa = XCConfigurationList;
			buildConfigurations = (
				3F8777D2279433BA00667C86 /* Debug */,
				3F8777D3279433BA00667C86 /* Release */,
			);
			defaultConfigurationIsVisible = 0;
			defaultConfigurationName = Release;
		};
		3F8777D4279433BA00667C86 /* Build configuration list for PBXNativeTarget "GastosApplication" */ = {
			isa = XCConfigurationList;
			buildConfigurations = (
				3F8777D5279433BA00667C86 /* Debug */,
				3F8777D6279433BA00667C86 /* Release */,
			);
			defaultConfigurationIsVisible = 0;
			defaultConfigurationName = Release;
		};
/* End XCConfigurationList section */

/* Begin XCRemoteSwiftPackageReference section */
		69E542E727A53E070096C821 /* XCRemoteSwiftPackageReference "firebase-ios-sdk" */ = {
			isa = XCRemoteSwiftPackageReference;
			repositoryURL = "https://github.com/firebase/firebase-ios-sdk.git";
			requirement = {
				kind = upToNextMajorVersion;
				minimumVersion = 8.0.0;
			};
		};
/* End XCRemoteSwiftPackageReference section */

/* Begin XCSwiftPackageProductDependency section */
		69E542E827A53E070096C821 /* FirebaseAuth */ = {
			isa = XCSwiftPackageProductDependency;
			package = 69E542E727A53E070096C821 /* XCRemoteSwiftPackageReference "firebase-ios-sdk" */;
			productName = FirebaseAuth;
		};
/* End XCSwiftPackageProductDependency section */
	};
	rootObject = 3F8777BE279433B300667C86 /* Project object */;
}
